
Microsoft Visual Studio Solution File, Format Version 12.00
# Visual Studio Version 17
VisualStudioVersion = 17.13.35931.197
MinimumVisualStudioVersion = 10.0.40219.1
Project("{FAE04EC0-301F-11D3-BF4B-00C04F79EFBC}") = "GranjaSistemProject", "GranjaSistemProject\GranjaSistemProject.csproj", "{02EA0FF4-905C-4576-BC91-4FE539FC6500}"
EndProject
Project("{FAE04EC0-301F-11D3-BF4B-00C04F79EFBC}") = "GranjaSystemProject.Tests", "GrajaSistemProject.Tests\GranjaSystemProject.Tests.csproj", "{9DCC57C0-7132-4F59-B22B-6D2DC158CCB4}"
EndProject
Global
	GlobalSection(SolutionConfigurationPlatforms) = preSolution
		Debug|Any CPU = Debug|Any CPU
		Release|Any CPU = Release|Any CPU
	EndGlobalSection
	GlobalSection(ProjectConfigurationPlatforms) = postSolution
		{02EA0FF4-905C-4576-BC91-4FE539FC6500}.Debug|Any CPU.ActiveCfg = Debug|Any CPU
		{02EA0FF4-905C-4576-BC91-4FE539FC6500}.Debug|Any CPU.Build.0 = Debug|Any CPU
		{02EA0FF4-905C-4576-BC91-4FE539FC6500}.Debug|Any CPU.Deploy.0 = Debug|Any CPU
		{02EA0FF4-905C-4576-BC91-4FE539FC6500}.Release|Any CPU.ActiveCfg = Release|Any CPU
		{02EA0FF4-905C-4576-BC91-4FE539FC6500}.Release|Any CPU.Build.0 = Release|Any CPU
		{02EA0FF4-905C-4576-BC91-4FE539FC6500}.Release|Any CPU.Deploy.0 = Release|Any CPU
		{9DCC57C0-7132-4F59-B22B-6D2DC158CCB4}.Debug|Any CPU.ActiveCfg = Debug|Any CPU
		{9DCC57C0-7132-4F59-B22B-6D2DC158CCB4}.Debug|Any CPU.Build.0 = Debug|Any CPU
		{9DCC57C0-7132-4F59-B22B-6D2DC158CCB4}.Release|Any CPU.ActiveCfg = Release|Any CPU
		{9DCC57C0-7132-4F59-B22B-6D2DC158CCB4}.Release|Any CPU.Build.0 = Release|Any CPU
	EndGlobalSection
	GlobalSection(SolutionProperties) = preSolution
		HideSolutionNode = FALSE
	EndGlobalSection
	GlobalSection(ExtensibilityGlobals) = postSolution
		SolutionGuid = {D4D9BB9D-DAA3-4468-B7CF-40D50FF88F60}
	EndGlobalSection
EndGlobal
